{
  "name": "kunit",
  "version": "1.2.0",
  "lockfileVersion": 1,
  "requires": true,
  "dependencies": {
    "k8w-extend-native": {
      "version": "1.4.0",
      "resolved": "https://registry.npmjs.org/k8w-extend-native/-/k8w-extend-native-1.4.0.tgz",
      "integrity": "sha512-hwCwTWA6Wjd+I2sthWJQYwJ2cD4bnNVRfndh5a+vCyE+keJITj7+tFqljFFn09UqABHrhdMbQWI/D28XhfEr3g==",
      "requires": {
        "k8w-linq-array": "*",
        "k8w-super-date": "*",
        "k8w-super-object": "*"
      }
    },
    "k8w-linq-array": {
      "version": "0.2.7",
      "resolved": "https://registry.npmjs.org/k8w-linq-array/-/k8w-linq-array-0.2.7.tgz",
      "integrity": "sha512-E4hwi6c4lqC4b8zBkLK1IH/jOyLnc2lUDixG+DNAhjQmSWdL4KaXkwWmXmRztrxSPLbWPYU4qnmjgGHIZCC+YQ=="
    },
    "k8w-super-date": {
      "version": "0.1.2",
      "resolved": "https://registry.npmjs.org/k8w-super-date/-/k8w-super-date-0.1.2.tgz",
      "integrity": "sha512-tTmDQEMEviD78ToUFG24EJXkiSFE+rW4jlcPiyNRCvlxEiWNTpAgcRZtoN2z8BDWW/euiKjzq9Dqx96rnyorPg=="
    },
    "k8w-super-object": {
      "version": "0.3.0",
      "resolved": "https://registry.npmjs.org/k8w-super-object/-/k8w-super-object-0.3.0.tgz",
      "integrity": "sha512-u2jfh4goYXKZmSucaLaOTaNbLRatjv0CSRpzE0KU0732+9XtYZFd5vrdw/mzJfK5fPHb/zyikOSHDX5mJrav+g=="
    }
  }
}
