{
  "name": "kunit",
  "version": "1.0.0",
  "lockfileVersion": 1,
  "requires": true,
  "dependencies": {
    "k8w-extend-native": {
      "version": "0.2.0",
      "resolved": "https://registry.npmjs.org/k8w-extend-native/-/k8w-extend-native-0.2.0.tgz",
      "integrity": "sha512-AIGN8ReyinrBmbE38MykLhVrSjzBClzfIehRLfQwfxJ6+cFdBM2cUN3hP0iBEreKnn3hAbWwYM78XEPCxezlfw==",
      "requires": {
        "k8w-linq-array": "0.2.5",
        "k8w-super-date": "0.1.2",
        "k8w-super-object": "0.1.3"
      }
    },
    "k8w-linq-array": {
      "version": "0.2.5",
      "resolved": "https://registry.npmjs.org/k8w-linq-array/-/k8w-linq-array-0.2.5.tgz",
      "integrity": "sha512-1vYky1J+42AtY+vZlC9rWpVIZ1zrpSAmUej4UM3Vrii3JAONb7JiKXsVU11e3mdBrT+V0hEWA39GfX94754Yzw=="
    },
    "k8w-super-date": {
      "version": "0.1.2",
      "resolved": "https://registry.npmjs.org/k8w-super-date/-/k8w-super-date-0.1.2.tgz",
      "integrity": "sha512-tTmDQEMEviD78ToUFG24EJXkiSFE+rW4jlcPiyNRCvlxEiWNTpAgcRZtoN2z8BDWW/euiKjzq9Dqx96rnyorPg=="
    },
    "k8w-super-object": {
      "version": "0.1.3",
      "resolved": "https://registry.npmjs.org/k8w-super-object/-/k8w-super-object-0.1.3.tgz",
      "integrity": "sha512-e/4bVCdTwKb65lnNI+/DNDf9s+VkrF8wN3zkJqlgzX4bfkiyJ8YYhStj3x2QevNb/tO3r1wy8bTq0uZ7ozp4gg=="
    }
  }
}
